
Microsoft Visual Studio Solution File, Format Version 12.00
# Visual Studio Version 17
VisualStudioVersion = 17.3.32929.385
MinimumVisualStudioVersion = 10.0.40219.1
Project("{FAE04EC0-301F-11D3-BF4B-00C04F79EFBC}") = "WinFormsApp1", "WinFormsApp1.csproj", "{BCCF4DE3-78B9-4819-A518-F55D4B19243D}"
EndProject
Global
	GlobalSection(SolutionConfigurationPlatforms) = preSolution
		Debug|Any CPU = Debug|Any CPU
		Release|Any CPU = Release|Any CPU
	EndGlobalSection
	GlobalSection(ProjectConfigurationPlatforms) = postSolution
		{BCCF4DE3-78B9-4819-A518-F55D4B19243D}.Debug|Any CPU.ActiveCfg = Debug|Any CPU
		{BCCF4DE3-78B9-4819-A518-F55D4B19243D}.Debug|Any CPU.Build.0 = Debug|Any CPU
		{BCCF4DE3-78B9-4819-A518-F55D4B19243D}.Release|Any CPU.ActiveCfg = Release|Any CPU
		{BCCF4DE3-78B9-4819-A518-F55D4B19243D}.Release|Any CPU.Build.0 = Release|Any CPU
	EndGlobalSection
	GlobalSection(SolutionProperties) = preSolution
		HideSolutionNode = FALSE
	EndGlobalSection
	GlobalSection(ExtensibilityGlobals) = postSolution
		SolutionGuid = {FC8F19E2-205C-4CC6-ACA4-38B7E1211A5C}
	EndGlobalSection
EndGlobal
